{
  "requires": true,
  "lockfileVersion": 1,
  "dependencies": {
    "dayjs": {
      "version": "1.7.5",
      "resolved": "https://registry.npmjs.org/dayjs/-/dayjs-1.7.5.tgz",
      "integrity": "sha512-OzkAcosqOgWgQF+dQTXO/iaSGa3hMs/sSkfzkxwWpZXqJEbaA0V6O1V+Ew2tGBlTz1r7Rb7opU3w8ympWb9d2Q=="
    },
    "vant-weapp": {
      "version": "0.2.0",
      "resolved": "https://registry.npmjs.org/vant-weapp/-/vant-weapp-0.2.0.tgz",
      "integrity": "sha512-eBrvOot18i4cQYUXMQjdODHDUKq96I7Ye9fcj3gc4teFPf7hB+89lf6pyx8qEy0Ku3eBT6R0gGuae9a4b1GnCQ=="
    }
  }
}
