{
  "requires": true,
  "lockfileVersion": 1,
  "dependencies": {
    "charenc": {
      "version": "0.0.2",
      "resolved": "http://registry.npm.taobao.org/charenc/download/charenc-0.0.2.tgz",
      "integrity": "sha1-wKHS86cJLgN3S/qD8UwPxXkKhmc="
    },
    "crypt": {
      "version": "0.0.2",
      "resolved": "http://registry.npm.taobao.org/crypt/download/crypt-0.0.2.tgz",
      "integrity": "sha1-iNf/fsDfuG9xPch7u0LQRNPmxBs="
    },
    "dayjs": {
      "version": "1.7.5",
      "resolved": "https://registry.npmjs.org/dayjs/-/dayjs-1.7.5.tgz",
      "integrity": "sha512-OzkAcosqOgWgQF+dQTXO/iaSGa3hMs/sSkfzkxwWpZXqJEbaA0V6O1V+Ew2tGBlTz1r7Rb7opU3w8ympWb9d2Q=="
    },
    "is-buffer": {
      "version": "1.1.6",
      "resolved": "http://registry.npm.taobao.org/is-buffer/download/is-buffer-1.1.6.tgz",
      "integrity": "sha1-76ouqdqg16suoTqXsritUf776L4="
    },
    "md5": {
      "version": "2.2.1",
      "resolved": "http://registry.npm.taobao.org/md5/download/md5-2.2.1.tgz",
      "integrity": "sha1-U6s41f48iJG6RlMp6iP6wFQBJvk=",
      "requires": {
        "charenc": "~0.0.1",
        "crypt": "~0.0.1",
        "is-buffer": "~1.1.1"
      }
    },
    "vant-weapp": {
      "version": "0.2.0",
      "resolved": "https://registry.npmjs.org/vant-weapp/-/vant-weapp-0.2.0.tgz",
      "integrity": "sha512-eBrvOot18i4cQYUXMQjdODHDUKq96I7Ye9fcj3gc4teFPf7hB+89lf6pyx8qEy0Ku3eBT6R0gGuae9a4b1GnCQ=="
    }
  }
}
